
Microsoft Visual Studio Solution File, Format Version 12.00
# Visual Studio Version 16
VisualStudioVersion = 16.0.30804.86
MinimumVisualStudioVersion = 10.0.40219.1
Project("{FAE04EC0-301F-11D3-BF4B-00C04F79EFBC}") = "PasswordAPI", "PasswordAPI\PasswordAPI.csproj", "{37B0F240-BCE3-4D83-B9BE-CF7C0B9F265A}"
EndProject
Global
	GlobalSection(SolutionConfigurationPlatforms) = preSolution
		Debug|Any CPU = Debug|Any CPU
		Release|Any CPU = Release|Any CPU
	EndGlobalSection
	GlobalSection(ProjectConfigurationPlatforms) = postSolution
		{37B0F240-BCE3-4D83-B9BE-CF7C0B9F265A}.Debug|Any CPU.ActiveCfg = Debug|Any CPU
		{37B0F240-BCE3-4D83-B9BE-CF7C0B9F265A}.Debug|Any CPU.Build.0 = Debug|Any CPU
		{37B0F240-BCE3-4D83-B9BE-CF7C0B9F265A}.Release|Any CPU.ActiveCfg = Release|Any CPU
		{37B0F240-BCE3-4D83-B9BE-CF7C0B9F265A}.Release|Any CPU.Build.0 = Release|Any CPU
	EndGlobalSection
	GlobalSection(SolutionProperties) = preSolution
		HideSolutionNode = FALSE
	EndGlobalSection
	GlobalSection(ExtensibilityGlobals) = postSolution
		SolutionGuid = {C0F367F6-49E5-4BDB-983C-A507C58A3B41}
	EndGlobalSection
EndGlobal
